
Microsoft Visual Studio Solution File, Format Version 12.00
# Visual Studio Version 17
VisualStudioVersion = 17.0.32014.148
MinimumVisualStudioVersion = 10.0.40219.1
Project("{FAE04EC0-301F-11D3-BF4B-00C04F79EFBC}") = "GUI", "GUI\GUI.csproj", "{B490586E-A160-4CDB-9E48-2CF1CB804D5C}"
EndProject
Project("{FAE04EC0-301F-11D3-BF4B-00C04F79EFBC}") = "DTO", "DTO\DTO.csproj", "{404EEA14-AE0F-412F-968A-44B099D0C79F}"
EndProject
Project("{FAE04EC0-301F-11D3-BF4B-00C04F79EFBC}") = "BLL", "BLL\BLL.csproj", "{1CA149DB-4213-4F61-A64E-9352059EA6AA}"
EndProject
Project("{FAE04EC0-301F-11D3-BF4B-00C04F79EFBC}") = "DAL", "DAL\DAL.csproj", "{58C109A1-ADCE-4998-9F06-F750C4A61A0C}"
EndProject
Global
	GlobalSection(SolutionConfigurationPlatforms) = preSolution
		Debug|Any CPU = Debug|Any CPU
		Release|Any CPU = Release|Any CPU
	EndGlobalSection
	GlobalSection(ProjectConfigurationPlatforms) = postSolution
		{B490586E-A160-4CDB-9E48-2CF1CB804D5C}.Debug|Any CPU.ActiveCfg = Debug|Any CPU
		{B490586E-A160-4CDB-9E48-2CF1CB804D5C}.Debug|Any CPU.Build.0 = Debug|Any CPU
		{B490586E-A160-4CDB-9E48-2CF1CB804D5C}.Release|Any CPU.ActiveCfg = Release|Any CPU
		{B490586E-A160-4CDB-9E48-2CF1CB804D5C}.Release|Any CPU.Build.0 = Release|Any CPU
		{404EEA14-AE0F-412F-968A-44B099D0C79F}.Debug|Any CPU.ActiveCfg = Debug|Any CPU
		{404EEA14-AE0F-412F-968A-44B099D0C79F}.Debug|Any CPU.Build.0 = Debug|Any CPU
		{404EEA14-AE0F-412F-968A-44B099D0C79F}.Release|Any CPU.ActiveCfg = Release|Any CPU
		{404EEA14-AE0F-412F-968A-44B099D0C79F}.Release|Any CPU.Build.0 = Release|Any CPU
		{1CA149DB-4213-4F61-A64E-9352059EA6AA}.Debug|Any CPU.ActiveCfg = Debug|Any CPU
		{1CA149DB-4213-4F61-A64E-9352059EA6AA}.Debug|Any CPU.Build.0 = Debug|Any CPU
		{1CA149DB-4213-4F61-A64E-9352059EA6AA}.Release|Any CPU.ActiveCfg = Release|Any CPU
		{1CA149DB-4213-4F61-A64E-9352059EA6AA}.Release|Any CPU.Build.0 = Release|Any CPU
		{58C109A1-ADCE-4998-9F06-F750C4A61A0C}.Debug|Any CPU.ActiveCfg = Debug|Any CPU
		{58C109A1-ADCE-4998-9F06-F750C4A61A0C}.Debug|Any CPU.Build.0 = Debug|Any CPU
		{58C109A1-ADCE-4998-9F06-F750C4A61A0C}.Release|Any CPU.ActiveCfg = Release|Any CPU
		{58C109A1-ADCE-4998-9F06-F750C4A61A0C}.Release|Any CPU.Build.0 = Release|Any CPU
	EndGlobalSection
	GlobalSection(SolutionProperties) = preSolution
		HideSolutionNode = FALSE
	EndGlobalSection
	GlobalSection(ExtensibilityGlobals) = postSolution
		SolutionGuid = {50EEE4DE-168B-44BE-B305-D54A8C39278D}
	EndGlobalSection
EndGlobal
